
Microsoft Visual Studio Solution File, Format Version 12.00
# Visual Studio 2012
Project("{8BC9CEB8-8B4A-11D0-8D11-00A0C91BC942}") = "Project1", "Project1\Project1.vcxproj", "{FF522051-B19E-4F50-8D3A-7990572F9E8E}"
EndProject
Global
	GlobalSection(SolutionConfigurationPlatforms) = preSolution
		Debug|Win32 = Debug|Win32
		Release|Win32 = Release|Win32
	EndGlobalSection
	GlobalSection(ProjectConfigurationPlatforms) = postSolution
		{FF522051-B19E-4F50-8D3A-7990572F9E8E}.Debug|Win32.ActiveCfg = Debug|Win32
		{FF522051-B19E-4F50-8D3A-7990572F9E8E}.Debug|Win32.Build.0 = Debug|Win32
		{FF522051-B19E-4F50-8D3A-7990572F9E8E}.Release|Win32.ActiveCfg = Release|Win32
		{FF522051-B19E-4F50-8D3A-7990572F9E8E}.Release|Win32.Build.0 = Release|Win32
	EndGlobalSection
	GlobalSection(SolutionProperties) = preSolution
		HideSolutionNode = FALSE
	EndGlobalSection
EndGlobal
